// !$*UTF8*$!
{
	archiveVersion = 1;
	classes = {
	};
	objectVersion = 50;
	objects = {

/* Begin PBXBuildFile section */
		E031565A20EBBD7E0050495F /* PopOutPreviewController.swift in Sources */ = {isa = PBXBuildFile; fileRef = E031565920EBBD7E0050495F /* PopOutPreviewController.swift */; };
		E09229B820D38E15005160B2 /* CustomData.swift in Sources */ = {isa = PBXBuildFile; fileRef = E09229B720D38E15005160B2 /* CustomData.swift */; };
		E0A7D71620D8D1C2007E5678 /* MPCManager.swift in Sources */ = {isa = PBXBuildFile; fileRef = E0A7D71520D8D1C2007E5678 /* MPCManager.swift */; };
		E0A7D71820D8DB6C007E5678 /* SetUpViewController.swift in Sources */ = {isa = PBXBuildFile; fileRef = E0A7D71720D8DB6C007E5678 /* SetUpViewController.swift */; };
		E0A7D71C20DA61B3007E5678 /* SetUpCellTableViewCell.swift in Sources */ = {isa = PBXBuildFile; fileRef = E0A7D71B20DA61B3007E5678 /* SetUpCellTableViewCell.swift */; };
		E0AF3B7020DE87A70079DC3B /* MCSessionManagement.swift in Sources */ = {isa = PBXBuildFile; fileRef = E0AF3B6F20DE87A70079DC3B /* MCSessionManagement.swift */; };
		E0AF3B8D20E265130079DC3B /* ImageStockSession.swift in Sources */ = {isa = PBXBuildFile; fileRef = E0AF3B8C20E265130079DC3B /* ImageStockSession.swift */; };
		E0B1E17D20EBD30700B3DCC9 /* Photo.swift in Sources */ = {isa = PBXBuildFile; fileRef = E0B1E17C20EBD30700B3DCC9 /* Photo.swift */; };
		E0CE148B20D65F9700D07F1D /* NiceButton.swift in Sources */ = {isa = PBXBuildFile; fileRef = E0CE148A20D65F9700D07F1D /* NiceButton.swift */; };
		E0CE148F20D67F5800D07F1D /* SeeingViewController.swift in Sources */ = {isa = PBXBuildFile; fileRef = E0CE148E20D67F5800D07F1D /* SeeingViewController.swift */; };
		E0E0247D20CF3134000FD2D6 /* AppDelegate.swift in Sources */ = {isa = PBXBuildFile; fileRef = E0E0247C20CF3134000FD2D6 /* AppDelegate.swift */; };
		E0E0248220CF3134000FD2D6 /* Main.storyboard in Resources */ = {isa = PBXBuildFile; fileRef = E0E0248020CF3134000FD2D6 /* Main.storyboard */; };
		E0E0248420CF3135000FD2D6 /* Assets.xcassets in Resources */ = {isa = PBXBuildFile; fileRef = E0E0248320CF3135000FD2D6 /* Assets.xcassets */; };
		E0E0248720CF3135000FD2D6 /* LaunchScreen.storyboard in Resources */ = {isa = PBXBuildFile; fileRef = E0E0248520CF3135000FD2D6 /* LaunchScreen.storyboard */; };
		E0FEB64B20ECE8BC000B93C3 /* MainTableViewCell.swift in Sources */ = {isa = PBXBuildFile; fileRef = E0FEB64A20ECE8BC000B93C3 /* MainTableViewCell.swift */; };
		E0FEB64F20ED0EFE000B93C3 /* MainViewController.swift in Sources */ = {isa = PBXBuildFile; fileRef = E0FEB64E20ED0EFE000B93C3 /* MainViewController.swift */; };
		E0FEB65420EE6EE7000B93C3 /* ImageCompression.swift in Sources */ = {isa = PBXBuildFile; fileRef = E0FEB65320EE6EE7000B93C3 /* ImageCompression.swift */; };
/* End PBXBuildFile section */

/* Begin PBXFileReference section */
		E031565920EBBD7E0050495F /* PopOutPreviewController.swift */ = {isa = PBXFileReference; lastKnownFileType = sourcecode.swift; path = PopOutPreviewController.swift; sourceTree = "<group>"; };
		E09229B720D38E15005160B2 /* CustomData.swift */ = {isa = PBXFileReference; lastKnownFileType = sourcecode.swift; path = CustomData.swift; sourceTree = "<group>"; };
		E0A7D71520D8D1C2007E5678 /* MPCManager.swift */ = {isa = PBXFileReference; lastKnownFileType = sourcecode.swift; path = MPCManager.swift; sourceTree = "<group>"; };
		E0A7D71720D8DB6C007E5678 /* SetUpViewController.swift */ = {isa = PBXFileReference; lastKnownFileType = sourcecode.swift; path = SetUpViewController.swift; sourceTree = "<group>"; };
		E0A7D71B20DA61B3007E5678 /* SetUpCellTableViewCell.swift */ = {isa = PBXFileReference; lastKnownFileType = sourcecode.swift; path = SetUpCellTableViewCell.swift; sourceTree = "<group>"; };
		E0AF3B6F20DE87A70079DC3B /* MCSessionManagement.swift */ = {isa = PBXFileReference; lastKnownFileType = sourcecode.swift; path = MCSessionManagement.swift; sourceTree = "<group>"; };
		E0AF3B8C20E265130079DC3B /* ImageStockSession.swift */ = {isa = PBXFileReference; lastKnownFileType = sourcecode.swift; path = ImageStockSession.swift; sourceTree = "<group>"; };
		E0B1E17C20EBD30700B3DCC9 /* Photo.swift */ = {isa = PBXFileReference; lastKnownFileType = sourcecode.swift; path = Photo.swift; sourceTree = "<group>"; };
		E0CE148A20D65F9700D07F1D /* NiceButton.swift */ = {isa = PBXFileReference; lastKnownFileType = sourcecode.swift; path = NiceButton.swift; sourceTree = "<group>"; };
		E0CE148E20D67F5800D07F1D /* SeeingViewController.swift */ = {isa = PBXFileReference; lastKnownFileType = sourcecode.swift; path = SeeingViewController.swift; sourceTree = "<group>"; };
		E0E0247920CF3134000FD2D6 /* P2P.app */ = {isa = PBXFileReference; explicitFileType = wrapper.application; includeInIndex = 0; path = P2P.app; sourceTree = BUILT_PRODUCTS_DIR; };
		E0E0247C20CF3134000FD2D6 /* AppDelegate.swift */ = {isa = PBXFileReference; lastKnownFileType = sourcecode.swift; path = AppDelegate.swift; sourceTree = "<group>"; };
		E0E0248120CF3134000FD2D6 /* Base */ = {isa = PBXFileReference; lastKnownFileType = file.storyboard; name = Base; path = Base.lproj/Main.storyboard; sourceTree = "<group>"; };
		E0E0248320CF3135000FD2D6 /* Assets.xcassets */ = {isa = PBXFileReference; lastKnownFileType = folder.assetcatalog; path = Assets.xcassets; sourceTree = "<group>"; };
		E0E0248620CF3135000FD2D6 /* Base */ = {isa = PBXFileReference; lastKnownFileType = file.storyboard; name = Base; path = Base.lproj/LaunchScreen.storyboard; sourceTree = "<group>"; };
		E0E0248820CF3135000FD2D6 /* Info.plist */ = {isa = PBXFileReference; lastKnownFileType = text.plist.xml; path = Info.plist; sourceTree = "<group>"; };
		E0FEB64A20ECE8BC000B93C3 /* MainTableViewCell.swift */ = {isa = PBXFileReference; lastKnownFileType = sourcecode.swift; path = MainTableViewCell.swift; sourceTree = "<group>"; };
		E0FEB64E20ED0EFE000B93C3 /* MainViewController.swift */ = {isa = PBXFileReference; lastKnownFileType = sourcecode.swift; path = MainViewController.swift; sourceTree = "<group>"; };
		E0FEB65320EE6EE7000B93C3 /* ImageCompression.swift */ = {isa = PBXFileReference; lastKnownFileType = sourcecode.swift; path = ImageCompression.swift; sourceTree = "<group>"; };
/* End PBXFileReference section */

/* Begin PBXFrameworksBuildPhase section */
		E0E0247620CF3134000FD2D6 /* Frameworks */ = {
			isa = PBXFrameworksBuildPhase;
			buildActionMask = 2147483647;
			files = (
			);
			runOnlyForDeploymentPostprocessing = 0;
		};
/* End PBXFrameworksBuildPhase section */

/* Begin PBXGroup section */
		E09229B320D30D40005160B2 /* View */ = {
			isa = PBXGroup;
			children = (
				E0A7D71B20DA61B3007E5678 /* SetUpCellTableViewCell.swift */,
				E0E0248020CF3134000FD2D6 /* Main.storyboard */,
				E0E0248520CF3135000FD2D6 /* LaunchScreen.storyboard */,
				E0FEB64A20ECE8BC000B93C3 /* MainTableViewCell.swift */,
			);
			path = View;
			sourceTree = "<group>";
		};
		E09229B420D30D5A005160B2 /* App */ = {
			isa = PBXGroup;
			children = (
				E0E0247C20CF3134000FD2D6 /* AppDelegate.swift */,
			);
			path = App;
			sourceTree = "<group>";
		};
		E09229B520D30D68005160B2 /* Controllers */ = {
			isa = PBXGroup;
			children = (
				E0A7D71720D8DB6C007E5678 /* SetUpViewController.swift */,
				E0FEB64E20ED0EFE000B93C3 /* MainViewController.swift */,
				E0CE148E20D67F5800D07F1D /* SeeingViewController.swift */,
				E031565920EBBD7E0050495F /* PopOutPreviewController.swift */,
			);
			path = Controllers;
			sourceTree = "<group>";
		};
		E09229B620D30E4D005160B2 /* Model */ = {
			isa = PBXGroup;
			children = (
				E09229B720D38E15005160B2 /* CustomData.swift */,
				E0CE148A20D65F9700D07F1D /* NiceButton.swift */,
				E0A7D71520D8D1C2007E5678 /* MPCManager.swift */,
				E0AF3B6F20DE87A70079DC3B /* MCSessionManagement.swift */,
				E0AF3B8C20E265130079DC3B /* ImageStockSession.swift */,
				E0B1E17C20EBD30700B3DCC9 /* Photo.swift */,
				E0FEB65320EE6EE7000B93C3 /* ImageCompression.swift */,
			);
			path = Model;
			sourceTree = "<group>";
		};
		E0E0247020CF3134000FD2D6 = {
			isa = PBXGroup;
			children = (
				E0E0247B20CF3134000FD2D6 /* P2P */,
				E0E0247A20CF3134000FD2D6 /* Products */,
			);
			sourceTree = "<group>";
		};
		E0E0247A20CF3134000FD2D6 /* Products */ = {
			isa = PBXGroup;
			children = (
				E0E0247920CF3134000FD2D6 /* P2P.app */,
			);
			name = Products;
			sourceTree = "<group>";
		};
		E0E0247B20CF3134000FD2D6 /* P2P */ = {
			isa = PBXGroup;
			children = (
				E09229B620D30E4D005160B2 /* Model */,
				E09229B320D30D40005160B2 /* View */,
				E09229B520D30D68005160B2 /* Controllers */,
				E09229B420D30D5A005160B2 /* App */,
				E0E0248320CF3135000FD2D6 /* Assets.xcassets */,
				E0E0248820CF3135000FD2D6 /* Info.plist */,
			);
			path = P2P;
			sourceTree = "<group>";
		};
/* End PBXGroup section */

/* Begin PBXNativeTarget section */
		E0E0247820CF3134000FD2D6 /* P2P */ = {
			isa = PBXNativeTarget;
			buildConfigurationList = E0E0248B20CF3135000FD2D6 /* Build configuration list for PBXNativeTarget "P2P" */;
			buildPhases = (
				E0E0247520CF3134000FD2D6 /* Sources */,
				E0E0247620CF3134000FD2D6 /* Frameworks */,
				E0E0247720CF3134000FD2D6 /* Resources */,
			);
			buildRules = (
			);
			dependencies = (
			);
			name = P2P;
			productName = P2P;
			productReference = E0E0247920CF3134000FD2D6 /* P2P.app */;
			productType = "com.apple.product-type.application";
		};
/* End PBXNativeTarget section */

/* Begin PBXProject section */
		E0E0247120CF3134000FD2D6 /* Project object */ = {
			isa = PBXProject;
			attributes = {
				LastSwiftUpdateCheck = 0930;
				LastUpgradeCheck = 0930;
				ORGANIZATIONNAME = "Roma Babajanyan";
				TargetAttributes = {
					E0E0247820CF3134000FD2D6 = {
						CreatedOnToolsVersion = 9.3.1;
					};
				};
			};
			buildConfigurationList = E0E0247420CF3134000FD2D6 /* Build configuration list for PBXProject "P2P" */;
			compatibilityVersion = "Xcode 9.3";
			developmentRegion = en;
			hasScannedForEncodings = 0;
			knownRegions = (
				en,
				Base,
			);
			mainGroup = E0E0247020CF3134000FD2D6;
			productRefGroup = E0E0247A20CF3134000FD2D6 /* Products */;
			projectDirPath = "";
			projectRoot = "";
			targets = (
				E0E0247820CF3134000FD2D6 /* P2P */,
			);
		};
/* End PBXProject section */

/* Begin PBXResourcesBuildPhase section */
		E0E0247720CF3134000FD2D6 /* Resources */ = {
			isa = PBXResourcesBuildPhase;
			buildActionMask = 2147483647;
			files = (
				E0E0248720CF3135000FD2D6 /* LaunchScreen.storyboard in Resources */,
				E0E0248420CF3135000FD2D6 /* Assets.xcassets in Resources */,
				E0E0248220CF3134000FD2D6 /* Main.storyboard in Resources */,
			);
			runOnlyForDeploymentPostprocessing = 0;
		};
/* End PBXResourcesBuildPhase section */

/* Begin PBXSourcesBuildPhase section */
		E0E0247520CF3134000FD2D6 /* Sources */ = {
			isa = PBXSourcesBuildPhase;
			buildActionMask = 2147483647;
			files = (
				E0FEB64B20ECE8BC000B93C3 /* MainTableViewCell.swift in Sources */,
				E0A7D71C20DA61B3007E5678 /* SetUpCellTableViewCell.swift in Sources */,
				E031565A20EBBD7E0050495F /* PopOutPreviewController.swift in Sources */,
				E0AF3B7020DE87A70079DC3B /* MCSessionManagement.swift in Sources */,
				E0FEB65420EE6EE7000B93C3 /* ImageCompression.swift in Sources */,
				E0CE148B20D65F9700D07F1D /* NiceButton.swift in Sources */,
				E09229B820D38E15005160B2 /* CustomData.swift in Sources */,
				E0B1E17D20EBD30700B3DCC9 /* Photo.swift in Sources */,
				E0FEB64F20ED0EFE000B93C3 /* MainViewController.swift in Sources */,
				E0A7D71820D8DB6C007E5678 /* SetUpViewController.swift in Sources */,
				E0AF3B8D20E265130079DC3B /* ImageStockSession.swift in Sources */,
				E0A7D71620D8D1C2007E5678 /* MPCManager.swift in Sources */,
				E0E0247D20CF3134000FD2D6 /* AppDelegate.swift in Sources */,
				E0CE148F20D67F5800D07F1D /* SeeingViewController.swift in Sources */,
			);
			runOnlyForDeploymentPostprocessing = 0;
		};
/* End PBXSourcesBuildPhase section */

/* Begin PBXVariantGroup section */
		E0E0248020CF3134000FD2D6 /* Main.storyboard */ = {
			isa = PBXVariantGroup;
			children = (
				E0E0248120CF3134000FD2D6 /* Base */,
			);
			name = Main.storyboard;
			sourceTree = "<group>";
		};
		E0E0248520CF3135000FD2D6 /* LaunchScreen.storyboard */ = {
			isa = PBXVariantGroup;
			children = (
				E0E0248620CF3135000FD2D6 /* Base */,
			);
			name = LaunchScreen.storyboard;
			sourceTree = "<group>";
		};
/* End PBXVariantGroup section */

/* Begin XCBuildConfiguration section */
		E0E0248920CF3135000FD2D6 /* Debug */ = {
			isa = XCBuildConfiguration;
			buildSettings = {
				ALWAYS_SEARCH_USER_PATHS = NO;
				CLANG_ANALYZER_NONNULL = YES;
				CLANG_ANALYZER_NUMBER_OBJECT_CONVERSION = YES_AGGRESSIVE;
				CLANG_CXX_LANGUAGE_STANDARD = "gnu++14";
				CLANG_CXX_LIBRARY = "libc++";
				CLANG_ENABLE_MODULES = YES;
				CLANG_ENABLE_OBJC_ARC = YES;
				CLANG_ENABLE_OBJC_WEAK = YES;
				CLANG_WARN_BLOCK_CAPTURE_AUTORELEASING = YES;
				CLANG_WARN_BOOL_CONVERSION = YES;
				CLANG_WARN_COMMA = YES;
				CLANG_WARN_CONSTANT_CONVERSION = YES;
				CLANG_WARN_DEPRECATED_OBJC_IMPLEMENTATIONS = YES;
				CLANG_WARN_DIRECT_OBJC_ISA_USAGE = YES_ERROR;
				CLANG_WARN_DOCUMENTATION_COMMENTS = YES;
				CLANG_WARN_EMPTY_BODY = YES;
				CLANG_WARN_ENUM_CONVERSION = YES;
				CLANG_WARN_INFINITE_RECURSION = YES;
				CLANG_WARN_INT_CONVERSION = YES;
				CLANG_WARN_NON_LITERAL_NULL_CONVERSION = YES;
				CLANG_WARN_OBJC_IMPLICIT_RETAIN_SELF = YES;
				CLANG_WARN_OBJC_LITERAL_CONVERSION = YES;
				CLANG_WARN_OBJC_ROOT_CLASS = YES_ERROR;
				CLANG_WARN_RANGE_LOOP_ANALYSIS = YES;
				CLANG_WARN_STRICT_PROTOTYPES = YES;
				CLANG_WARN_SUSPICIOUS_MOVE = YES;
				CLANG_WARN_UNGUARDED_AVAILABILITY = YES_AGGRESSIVE;
				CLANG_WARN_UNREACHABLE_CODE = YES;
				CLANG_WARN__DUPLICATE_METHOD_MATCH = YES;
				CODE_SIGN_IDENTITY = "iPhone Developer";
				COPY_PHASE_STRIP = NO;
				DEBUG_INFORMATION_FORMAT = dwarf;
				ENABLE_STRICT_OBJC_MSGSEND = YES;
				ENABLE_TESTABILITY = YES;
				GCC_C_LANGUAGE_STANDARD = gnu11;
				GCC_DYNAMIC_NO_PIC = NO;
				GCC_NO_COMMON_BLOCKS = YES;
				GCC_OPTIMIZATION_LEVEL = 0;
				GCC_PREPROCESSOR_DEFINITIONS = (
					"DEBUG=1",
					"$(inherited)",
				);
				GCC_WARN_64_TO_32_BIT_CONVERSION = YES;
				GCC_WARN_ABOUT_RETURN_TYPE = YES_ERROR;
				GCC_WARN_UNDECLARED_SELECTOR = YES;
				GCC_WARN_UNINITIALIZED_AUTOS = YES_AGGRESSIVE;
				GCC_WARN_UNUSED_FUNCTION = YES;
				GCC_WARN_UNUSED_VARIABLE = YES;
				IPHONEOS_DEPLOYMENT_TARGET = 10.3;
				MTL_ENABLE_DEBUG_INFO = YES;
				ONLY_ACTIVE_ARCH = YES;
				SDKROOT = iphoneos;
				SWIFT_ACTIVE_COMPILATION_CONDITIONS = DEBUG;
				SWIFT_OPTIMIZATION_LEVEL = "-Onone";
			};
			name = Debug;
		};
		E0E0248A20CF3135000FD2D6 /* Release */ = {
			isa = XCBuildConfiguration;
			buildSettings = {
				ALWAYS_SEARCH_USER_PATHS = NO;
				CLANG_ANALYZER_NONNULL = YES;
				CLANG_ANALYZER_NUMBER_OBJECT_CONVERSION = YES_AGGRESSIVE;
				CLANG_CXX_LANGUAGE_STANDARD = "gnu++14";
				CLANG_CXX_LIBRARY = "libc++";
				CLANG_ENABLE_MODULES = YES;
				CLANG_ENABLE_OBJC_ARC = YES;
				CLANG_ENABLE_OBJC_WEAK = YES;
				CLANG_WARN_BLOCK_CAPTURE_AUTORELEASING = YES;
				CLANG_WARN_BOOL_CONVERSION = YES;
				CLANG_WARN_COMMA = YES;
				CLANG_WARN_CONSTANT_CONVERSION = YES;
				CLANG_WARN_DEPRECATED_OBJC_IMPLEMENTATIONS = YES;
				CLANG_WARN_DIRECT_OBJC_ISA_USAGE = YES_ERROR;
				CLANG_WARN_DOCUMENTATION_COMMENTS = YES;
				CLANG_WARN_EMPTY_BODY = YES;
				CLANG_WARN_ENUM_CONVERSION = YES;
				CLANG_WARN_INFINITE_RECURSION = YES;
				CLANG_WARN_INT_CONVERSION = YES;
				CLANG_WARN_NON_LITERAL_NULL_CONVERSION = YES;
				CLANG_WARN_OBJC_IMPLICIT_RETAIN_SELF = YES;
				CLANG_WARN_OBJC_LITERAL_CONVERSION = YES;
				CLANG_WARN_OBJC_ROOT_CLASS = YES_ERROR;
				CLANG_WARN_RANGE_LOOP_ANALYSIS = YES;
				CLANG_WARN_STRICT_PROTOTYPES = YES;
				CLANG_WARN_SUSPICIOUS_MOVE = YES;
				CLANG_WARN_UNGUARDED_AVAILABILITY = YES_AGGRESSIVE;
				CLANG_WARN_UNREACHABLE_CODE = YES;
				CLANG_WARN__DUPLICATE_METHOD_MATCH = YES;
				CODE_SIGN_IDENTITY = "iPhone Developer";
				COPY_PHASE_STRIP = NO;
				DEBUG_INFORMATION_FORMAT = "dwarf-with-dsym";
				ENABLE_NS_ASSERTIONS = NO;
				ENABLE_STRICT_OBJC_MSGSEND = YES;
				GCC_C_LANGUAGE_STANDARD = gnu11;
				GCC_NO_COMMON_BLOCKS = YES;
				GCC_WARN_64_TO_32_BIT_CONVERSION = YES;
				GCC_WARN_ABOUT_RETURN_TYPE = YES_ERROR;
				GCC_WARN_UNDECLARED_SELECTOR = YES;
				GCC_WARN_UNINITIALIZED_AUTOS = YES_AGGRESSIVE;
				GCC_WARN_UNUSED_FUNCTION = YES;
				GCC_WARN_UNUSED_VARIABLE = YES;
				IPHONEOS_DEPLOYMENT_TARGET = 10.3;
				MTL_ENABLE_DEBUG_INFO = NO;
				SDKROOT = iphoneos;
				SWIFT_COMPILATION_MODE = wholemodule;
				SWIFT_OPTIMIZATION_LEVEL = "-O";
				VALIDATE_PRODUCT = YES;
			};
			name = Release;
		};
		E0E0248C20CF3135000FD2D6 /* Debug */ = {
			isa = XCBuildConfiguration;
			buildSettings = {
				ASSETCATALOG_COMPILER_APPICON_NAME = AppIcon;
				CODE_SIGN_STYLE = Automatic;
				DEVELOPMENT_TEAM = AC6BECBQCN;
				INFOPLIST_FILE = P2P/Info.plist;
				IPHONEOS_DEPLOYMENT_TARGET = 10.3;
				LD_RUNPATH_SEARCH_PATHS = (
					"$(inherited)",
					"@executable_path/Frameworks",
				);
				PRODUCT_BUNDLE_IDENTIFIER = "CBLR.P2P-";
				PRODUCT_NAME = "$(TARGET_NAME)";
				SWIFT_VERSION = 4.0;
				TARGETED_DEVICE_FAMILY = "1,2";
			};
			name = Debug;
		};
		E0E0248D20CF3135000FD2D6 /* Release */ = {
			isa = XCBuildConfiguration;
			buildSettings = {
				ASSETCATALOG_COMPILER_APPICON_NAME = AppIcon;
				CODE_SIGN_STYLE = Automatic;
				DEVELOPMENT_TEAM = AC6BECBQCN;
				INFOPLIST_FILE = P2P/Info.plist;
				IPHONEOS_DEPLOYMENT_TARGET = 10.3;
				LD_RUNPATH_SEARCH_PATHS = (
					"$(inherited)",
					"@executable_path/Frameworks",
				);
				PRODUCT_BUNDLE_IDENTIFIER = "CBLR.P2P-";
				PRODUCT_NAME = "$(TARGET_NAME)";
				SWIFT_VERSION = 4.0;
				TARGETED_DEVICE_FAMILY = "1,2";
			};
			name = Release;
		};
/* End XCBuildConfiguration section */

/* Begin XCConfigurationList section */
		E0E0247420CF3134000FD2D6 /* Build configuration list for PBXProject "P2P" */ = {
			isa = XCConfigurationList;
			buildConfigurations = (
				E0E0248920CF3135000FD2D6 /* Debug */,
				E0E0248A20CF3135000FD2D6 /* Release */,
			);
			defaultConfigurationIsVisible = 0;
			defaultConfigurationName = Release;
		};
		E0E0248B20CF3135000FD2D6 /* Build configuration list for PBXNativeTarget "P2P" */ = {
			isa = XCConfigurationList;
			buildConfigurations = (
				E0E0248C20CF3135000FD2D6 /* Debug */,
				E0E0248D20CF3135000FD2D6 /* Release */,
			);
			defaultConfigurationIsVisible = 0;
			defaultConfigurationName = Release;
		};
/* End XCConfigurationList section */
	};
	rootObject = E0E0247120CF3134000FD2D6 /* Project object */;
}
